
Microsoft Visual Studio Solution File, Format Version 12.00
# Visual Studio 14
VisualStudioVersion = 14.0.24720.0
MinimumVisualStudioVersion = 10.0.40219.1
Project("{FAE04EC0-301F-11D3-BF4B-00C04F79EFBC}") = "HR-PortalWeb", "HR-PortalWeb\HR-PortalWeb.csproj", "{6BD3371A-6ECF-4C37-BF6F-8FFAB9034659}"
EndProject
Project("{2150E333-8FDC-42A3-9474-1A3956D46DE8}") = "Core", "Core", "{6B5C4B4A-E37E-4A2A-BC32-DF404272E83E}"
EndProject
Project("{FAE04EC0-301F-11D3-BF4B-00C04F79EFBC}") = "HR-Portal.Core", "HR-Portal.Core\HR-Portal.Core.csproj", "{DA313295-E87A-4E5B-B895-B5C97E3FBB41}"
EndProject
Project("{2150E333-8FDC-42A3-9474-1A3956D46DE8}") = "Infrastructure", "Infrastructure", "{107FB3CE-0EFC-435F-94B9-D7D011F2AB40}"
EndProject
Project("{2150E333-8FDC-42A3-9474-1A3956D46DE8}") = "Repository", "Repository", "{47A4DBFD-65AA-431C-97DC-B5C97FC0BD89}"
EndProject
Project("{2150E333-8FDC-42A3-9474-1A3956D46DE8}") = "Interfaces", "Interfaces", "{BC07A159-FC9E-45EF-840B-59E9FED6C743}"
EndProject
Project("{FAE04EC0-301F-11D3-BF4B-00C04F79EFBC}") = "HR-PortalInterfaces", "HR-PortalInterfaces\HR-PortalInterfaces.csproj", "{A607196E-F2C1-41AD-BF7E-EE67EE9FAD29}"
EndProject
Project("{FAE04EC0-301F-11D3-BF4B-00C04F79EFBC}") = "HR-Portal.Repositories", "HR-Portal.Repositories\HR-Portal.Repositories.csproj", "{047DFB11-5D01-4020-8F61-AD495D7F1C43}"
EndProject
Project("{2150E333-8FDC-42A3-9474-1A3956D46DE8}") = "Util", "Util", "{9A4B0134-8C5E-4CC8-9E17-C8ACA02F97A0}"
EndProject
Project("{FAE04EC0-301F-11D3-BF4B-00C04F79EFBC}") = "Dependencies", "Dependencies\Dependencies.csproj", "{487C808B-D50C-41AA-82B6-3F2EC0AEA5C2}"
EndProject
Project("{2150E333-8FDC-42A3-9474-1A3956D46DE8}") = "Services", "Services", "{1D9CD044-4D74-4909-9C84-AD2BFB11A586}"
EndProject
Project("{FAE04EC0-301F-11D3-BF4B-00C04F79EFBC}") = "HR-Portal.Tests", "HR-Portal.Tests\HR-Portal.Tests.csproj", "{3421B3BF-9CF2-406A-8576-A08ADEE1469B}"
EndProject
Project("{2150E333-8FDC-42A3-9474-1A3956D46DE8}") = "Loggers", "Loggers", "{9EDE27EA-0DF3-44F4-A70C-9BF5B1A6187A}"
EndProject
Project("{FAE04EC0-301F-11D3-BF4B-00C04F79EFBC}") = "Logger", "Logger\Logger.csproj", "{15A326FC-8C66-406E-BA5F-EA8C3C38DD9E}"
EndProject
Project("{2150E333-8FDC-42A3-9474-1A3956D46DE8}") = "ViewModels", "ViewModels", "{F80D45F8-426F-4D16-8533-09F5397B4187}"
EndProject
Project("{FAE04EC0-301F-11D3-BF4B-00C04F79EFBC}") = "HR_Portal.ViewModels", "HR_Portal.ViewModels\HR_Portal.ViewModels.csproj", "{46C89E9B-AEE9-4D99-A53E-1F2D0C889A93}"
EndProject
Global
	GlobalSection(SolutionConfigurationPlatforms) = preSolution
		Debug|Any CPU = Debug|Any CPU
		Release|Any CPU = Release|Any CPU
	EndGlobalSection
	GlobalSection(ProjectConfigurationPlatforms) = postSolution
		{6BD3371A-6ECF-4C37-BF6F-8FFAB9034659}.Debug|Any CPU.ActiveCfg = Debug|Any CPU
		{6BD3371A-6ECF-4C37-BF6F-8FFAB9034659}.Debug|Any CPU.Build.0 = Debug|Any CPU
		{6BD3371A-6ECF-4C37-BF6F-8FFAB9034659}.Release|Any CPU.ActiveCfg = Release|Any CPU
		{6BD3371A-6ECF-4C37-BF6F-8FFAB9034659}.Release|Any CPU.Build.0 = Release|Any CPU
		{DA313295-E87A-4E5B-B895-B5C97E3FBB41}.Debug|Any CPU.ActiveCfg = Debug|Any CPU
		{DA313295-E87A-4E5B-B895-B5C97E3FBB41}.Debug|Any CPU.Build.0 = Debug|Any CPU
		{DA313295-E87A-4E5B-B895-B5C97E3FBB41}.Release|Any CPU.ActiveCfg = Release|Any CPU
		{DA313295-E87A-4E5B-B895-B5C97E3FBB41}.Release|Any CPU.Build.0 = Release|Any CPU
		{A607196E-F2C1-41AD-BF7E-EE67EE9FAD29}.Debug|Any CPU.ActiveCfg = Debug|Any CPU
		{A607196E-F2C1-41AD-BF7E-EE67EE9FAD29}.Debug|Any CPU.Build.0 = Debug|Any CPU
		{A607196E-F2C1-41AD-BF7E-EE67EE9FAD29}.Release|Any CPU.ActiveCfg = Release|Any CPU
		{A607196E-F2C1-41AD-BF7E-EE67EE9FAD29}.Release|Any CPU.Build.0 = Release|Any CPU
		{047DFB11-5D01-4020-8F61-AD495D7F1C43}.Debug|Any CPU.ActiveCfg = Debug|Any CPU
		{047DFB11-5D01-4020-8F61-AD495D7F1C43}.Debug|Any CPU.Build.0 = Debug|Any CPU
		{047DFB11-5D01-4020-8F61-AD495D7F1C43}.Release|Any CPU.ActiveCfg = Release|Any CPU
		{047DFB11-5D01-4020-8F61-AD495D7F1C43}.Release|Any CPU.Build.0 = Release|Any CPU
		{487C808B-D50C-41AA-82B6-3F2EC0AEA5C2}.Debug|Any CPU.ActiveCfg = Debug|Any CPU
		{487C808B-D50C-41AA-82B6-3F2EC0AEA5C2}.Debug|Any CPU.Build.0 = Debug|Any CPU
		{487C808B-D50C-41AA-82B6-3F2EC0AEA5C2}.Release|Any CPU.ActiveCfg = Release|Any CPU
		{487C808B-D50C-41AA-82B6-3F2EC0AEA5C2}.Release|Any CPU.Build.0 = Release|Any CPU
		{3421B3BF-9CF2-406A-8576-A08ADEE1469B}.Debug|Any CPU.ActiveCfg = Debug|Any CPU
		{3421B3BF-9CF2-406A-8576-A08ADEE1469B}.Debug|Any CPU.Build.0 = Debug|Any CPU
		{3421B3BF-9CF2-406A-8576-A08ADEE1469B}.Release|Any CPU.ActiveCfg = Release|Any CPU
		{3421B3BF-9CF2-406A-8576-A08ADEE1469B}.Release|Any CPU.Build.0 = Release|Any CPU
		{15A326FC-8C66-406E-BA5F-EA8C3C38DD9E}.Debug|Any CPU.ActiveCfg = Debug|Any CPU
		{15A326FC-8C66-406E-BA5F-EA8C3C38DD9E}.Debug|Any CPU.Build.0 = Debug|Any CPU
		{15A326FC-8C66-406E-BA5F-EA8C3C38DD9E}.Release|Any CPU.ActiveCfg = Release|Any CPU
		{15A326FC-8C66-406E-BA5F-EA8C3C38DD9E}.Release|Any CPU.Build.0 = Release|Any CPU
		{46C89E9B-AEE9-4D99-A53E-1F2D0C889A93}.Debug|Any CPU.ActiveCfg = Debug|Any CPU
		{46C89E9B-AEE9-4D99-A53E-1F2D0C889A93}.Debug|Any CPU.Build.0 = Debug|Any CPU
		{46C89E9B-AEE9-4D99-A53E-1F2D0C889A93}.Release|Any CPU.ActiveCfg = Release|Any CPU
		{46C89E9B-AEE9-4D99-A53E-1F2D0C889A93}.Release|Any CPU.Build.0 = Release|Any CPU
	EndGlobalSection
	GlobalSection(SolutionProperties) = preSolution
		HideSolutionNode = FALSE
	EndGlobalSection
	GlobalSection(NestedProjects) = preSolution
		{6B5C4B4A-E37E-4A2A-BC32-DF404272E83E} = {107FB3CE-0EFC-435F-94B9-D7D011F2AB40}
		{DA313295-E87A-4E5B-B895-B5C97E3FBB41} = {6B5C4B4A-E37E-4A2A-BC32-DF404272E83E}
		{47A4DBFD-65AA-431C-97DC-B5C97FC0BD89} = {107FB3CE-0EFC-435F-94B9-D7D011F2AB40}
		{BC07A159-FC9E-45EF-840B-59E9FED6C743} = {107FB3CE-0EFC-435F-94B9-D7D011F2AB40}
		{A607196E-F2C1-41AD-BF7E-EE67EE9FAD29} = {BC07A159-FC9E-45EF-840B-59E9FED6C743}
		{047DFB11-5D01-4020-8F61-AD495D7F1C43} = {47A4DBFD-65AA-431C-97DC-B5C97FC0BD89}
		{9A4B0134-8C5E-4CC8-9E17-C8ACA02F97A0} = {107FB3CE-0EFC-435F-94B9-D7D011F2AB40}
		{487C808B-D50C-41AA-82B6-3F2EC0AEA5C2} = {9A4B0134-8C5E-4CC8-9E17-C8ACA02F97A0}
		{9EDE27EA-0DF3-44F4-A70C-9BF5B1A6187A} = {107FB3CE-0EFC-435F-94B9-D7D011F2AB40}
		{15A326FC-8C66-406E-BA5F-EA8C3C38DD9E} = {9EDE27EA-0DF3-44F4-A70C-9BF5B1A6187A}
		{46C89E9B-AEE9-4D99-A53E-1F2D0C889A93} = {F80D45F8-426F-4D16-8533-09F5397B4187}
	EndGlobalSection
EndGlobal
